
Microsoft Visual Studio Solution File, Format Version 12.00
# Visual Studio Version 17
VisualStudioVersion = 17.13.35828.75 d17.13
MinimumVisualStudioVersion = 10.0.40219.1
Project("{FAE04EC0-301F-11D3-BF4B-00C04F79EFBC}") = "SistemaGuarderias.Domain", "SistemaGuarderias.Domain\SistemaGuarderias.Domain.csproj", "{D761FEAC-FD2C-44C6-9DB2-16F2143C8785}"
EndProject
Project("{FAE04EC0-301F-11D3-BF4B-00C04F79EFBC}") = "SistemaGuarderias.Infrastructure", "SistemaGuarderias.Infrastructure\SistemaGuarderias.Infrastructure.csproj", "{9625B08C-0244-4EDB-965D-3D63310A83CC}"
EndProject
Global
	GlobalSection(SolutionConfigurationPlatforms) = preSolution
		Debug|Any CPU = Debug|Any CPU
		Release|Any CPU = Release|Any CPU
	EndGlobalSection
	GlobalSection(ProjectConfigurationPlatforms) = postSolution
		{D761FEAC-FD2C-44C6-9DB2-16F2143C8785}.Debug|Any CPU.ActiveCfg = Debug|Any CPU
		{D761FEAC-FD2C-44C6-9DB2-16F2143C8785}.Debug|Any CPU.Build.0 = Debug|Any CPU
		{D761FEAC-FD2C-44C6-9DB2-16F2143C8785}.Release|Any CPU.ActiveCfg = Release|Any CPU
		{D761FEAC-FD2C-44C6-9DB2-16F2143C8785}.Release|Any CPU.Build.0 = Release|Any CPU
		{9625B08C-0244-4EDB-965D-3D63310A83CC}.Debug|Any CPU.ActiveCfg = Debug|Any CPU
		{9625B08C-0244-4EDB-965D-3D63310A83CC}.Debug|Any CPU.Build.0 = Debug|Any CPU
		{9625B08C-0244-4EDB-965D-3D63310A83CC}.Release|Any CPU.ActiveCfg = Release|Any CPU
		{9625B08C-0244-4EDB-965D-3D63310A83CC}.Release|Any CPU.Build.0 = Release|Any CPU
	EndGlobalSection
	GlobalSection(SolutionProperties) = preSolution
		HideSolutionNode = FALSE
	EndGlobalSection
	GlobalSection(ExtensibilityGlobals) = postSolution
		SolutionGuid = {0137B369-C7A8-4C10-A8EB-9EBB0AE9AA72}
	EndGlobalSection
EndGlobal
